
Microsoft Visual Studio Solution File, Format Version 12.00
# Visual Studio Version 17
VisualStudioVersion = 17.4.33213.308
MinimumVisualStudioVersion = 10.0.40219.1
Project("{FAE04EC0-301F-11D3-BF4B-00C04F79EFBC}") = "Assignment2", "Assignment2\Assignment2.csproj", "{BBF4B488-CEB7-4A72-87E9-E2A6CB75808B}"
EndProject
Global
	GlobalSection(SolutionConfigurationPlatforms) = preSolution
		Debug|Any CPU = Debug|Any CPU
		Release|Any CPU = Release|Any CPU
	EndGlobalSection
	GlobalSection(ProjectConfigurationPlatforms) = postSolution
		{BBF4B488-CEB7-4A72-87E9-E2A6CB75808B}.Debug|Any CPU.ActiveCfg = Debug|Any CPU
		{BBF4B488-CEB7-4A72-87E9-E2A6CB75808B}.Debug|Any CPU.Build.0 = Debug|Any CPU
		{BBF4B488-CEB7-4A72-87E9-E2A6CB75808B}.Release|Any CPU.ActiveCfg = Release|Any CPU
		{BBF4B488-CEB7-4A72-87E9-E2A6CB75808B}.Release|Any CPU.Build.0 = Release|Any CPU
	EndGlobalSection
	GlobalSection(SolutionProperties) = preSolution
		HideSolutionNode = FALSE
	EndGlobalSection
	GlobalSection(ExtensibilityGlobals) = postSolution
		SolutionGuid = {3DA6F692-1DD8-4091-87A9-0879F5683215}
	EndGlobalSection
EndGlobal
